<Solution>
  <Project Path="CLAUDE.ARRAY_DIFFERENCE.JUNIOR.PARTICIPANT_7/CLAUDE.ARRAY_DIFFERENCE.JUNIOR.PARTICIPANT_7.csproj" Id="6e5893f4-0f0e-41ec-9199-032cf6fe34a8" />
  <Project Path="CLAUDE.ARRAY_DIFFERENCE.PLENO.PARTICIPANT_6/CLAUDE.ARRAY_DIFFERENCE.PLENO.PARTICIPANT_6.csproj" Id="4872fb95-c974-4845-abac-25e0cf235c17" />
  <Project Path="CLAUDE.ARRAY_DIFFERENCE.SENIOR.PARTICIPANT_1/CLAUDE.ARRAY_DIFFERENCE.SENIOR.PARTICIPANT_1.csproj" Id="331e1c31-c0f0-4323-a029-83477906b5b3" />
  <Project Path="CLAUDE.ARRAY_DIFFERENCE.SENIOR.PARTICIPANT_2/CLAUDE.ARRAY_DIFFERENCE.SENIOR.PARTICIPANT_2.csproj" Id="360c79fe-cf1b-4fc7-bfab-1719479901cb" />
  <Project Path="CLAUDE.ARRAY_DIFFERENCE.SENIOR.PARTICIPANT_3/CLAUDE.ARRAY_DIFFERENCE.SENIOR.PARTICIPANT_3.csproj" Id="34389ba5-5485-49e6-b1c6-01cf753feab5" />
  <Project Path="CLAUDE.ARRAY_DIFFERENCE.SENIOR.PARTICIPANT_4/CLAUDE.ARRAY_DIFFERENCE.SENIOR.PARTICIPANT_4.csproj" Id="fb2ac321-733f-4ae5-883f-fff7df3f3360" />
  <Project Path="CLAUDE.ARRAY_DIFFERENCE.SENIOR.PARTICIPANT_5/CLAUDE.ARRAY_DIFFERENCE.SENIOR.PARTICIPANT_5.csproj" Id="c4622ef7-2be9-4e1f-8e76-cf30e9fd311e" />
  <Project Path="CLAUDE.SEQUENCE_COMPARISON.JUNIOR.PARTICIPANT_7/CLAUDE.SEQUENCE_COMPARISON.JUNIOR.PARTICIPANT_7.csproj" Id="3d39a371-6f35-414a-9039-9eaa702bf399" />
  <Project Path="CLAUDE.SEQUENCE_COMPARISON.PLENO.PARTICIPANT_6/CLAUDE.SEQUENCE_COMPARISON.PLENO.PARTICIPANT_6.csproj" Id="9b3935cc-9bc7-4f50-9eb9-d6089587b6f5" />
  <Project Path="CLAUDE.SEQUENCE_COMPARISON.SENIOR.PARTICIPANT_1/CLAUDE.SEQUENCE_COMPARISON.SENIOR.PARTICIPANT_1.csproj" Id="f0b35db7-9859-45f4-ac9e-7e4fe7bac319" />
  <Project Path="CLAUDE.SEQUENCE_COMPARISON.SENIOR.PARTICIPANT_2/CLAUDE.SEQUENCE_COMPARISON.SENIOR.PARTICIPANT_2.csproj" Id="ffae559b-38f8-4536-b4e0-d95b25a86a5b" />
  <Project Path="CLAUDE.SEQUENCE_COMPARISON.SENIOR.PARTICIPANT_3/CLAUDE.SEQUENCE_COMPARISON.SENIOR.PARTICIPANT_3.csproj" Id="46918ae9-2cb1-4fdc-a441-49965932d1d0" />
  <Project Path="CLAUDE.SEQUENCE_COMPARISON.SENIOR.PARTICIPANT_4/CLAUDE.SEQUENCE_COMPARISON.SENIOR.PARTICIPANT_4.csproj" Id="11c8ae9c-ef1d-4f2c-8f62-cbee5484f028" />
  <Project Path="CLAUDE.SEQUENCE_COMPARISON.SENIOR.PARTICIPANT_5/CLAUDE.SEQUENCE_COMPARISON.SENIOR.PARTICIPANT_5.csproj" Id="bcb70c85-927d-4d06-9241-0af400c9337d" />
  <Project Path="CLAUDE.STRING_ARRAY_ENCODING.JUNIOR.PARTICIPANT_7/CLAUDE.STRING_ARRAY_ENCODING.JUNIOR.PARTICIPANT_7.csproj" Id="30e37ef3-5a89-49de-b21f-307a636a328c" />
  <Project Path="CLAUDE.STRING_ARRAY_ENCODING.PLENO.PARTICIPANT_6/CLAUDE.STRING_ARRAY_ENCODING.PLENO.PARTICIPANT_6.csproj" Id="f7942460-660d-4e2e-8f43-c01264da5c7f" />
  <Project Path="CLAUDE.STRING_ARRAY_ENCODING.SENIOR.PARTICIPANT_1/CLAUDE.STRING_ARRAY_ENCODING.SENIOR.PARTICIPANT_1.csproj" Id="6dc72cf1-159e-42c9-8386-82afd2cca1cb" />
  <Project Path="CLAUDE.STRING_ARRAY_ENCODING.SENIOR.PARTICIPANT_2/CLAUDE.STRING_ARRAY_ENCODING.SENIOR.PARTICIPANT_2.csproj" Id="dce99545-8fcc-415f-b552-06e54b92f2ad" />
  <Project Path="CLAUDE.STRING_ARRAY_ENCODING.SENIOR.PARTICIPANT_3/CLAUDE.STRING_ARRAY_ENCODING.SENIOR.PARTICIPANT_3.csproj" Id="01a30499-8874-4326-8642-552f8eeee3d4" />
  <Project Path="CLAUDE.STRING_ARRAY_ENCODING.SENIOR.PARTICIPANT_4/CLAUDE.STRING_ARRAY_ENCODING.SENIOR.PARTICIPANT_4.csproj" Id="a3d88c1d-13ae-4abe-91a5-af3180f9ff9b" />
  <Project Path="CLAUDE.STRING_ARRAY_ENCODING.SENIOR.PARTICIPANT_5/CLAUDE.STRING_ARRAY_ENCODING.SENIOR.PARTICIPANT_5.csproj" Id="3db78abf-8bf7-431f-8cd0-186fa4c383fa" />
  <Project Path="GeneratedCodeByAI/GeneratedCodeByAI.csproj" />
</Solution>
